
Microsoft Visual Studio Solution File, Format Version 12.00
# Visual Studio 15
VisualStudioVersion = 15.0.28307.136
MinimumVisualStudioVersion = 10.0.40219.1
Project("{9A19103F-16F7-4668-BE54-9A1E7A4F7556}") = "MultiStringMultiFileSearcher", "MultiStringMultiFileSearcher\MultiStringMultiFileSearcher.csproj", "{27496E42-7D68-425D-8320-9DED54B7F182}"
EndProject
Project("{9A19103F-16F7-4668-BE54-9A1E7A4F7556}") = "Tests", "Tests\Tests.csproj", "{9D5FB761-565F-4F34-A378-A18274095758}"
EndProject
Project("{FAE04EC0-301F-11D3-BF4B-00C04F79EFBC}") = "MultiRegexSearcher", "RegexParser\MultiRegexSearcher.csproj", "{88EC2F9E-56B5-4AA5-A24F-A7A3EBE8D209}"
EndProject
Global
	GlobalSection(SolutionConfigurationPlatforms) = preSolution
		Debug|Any CPU = Debug|Any CPU
		Release|Any CPU = Release|Any CPU
	EndGlobalSection
	GlobalSection(ProjectConfigurationPlatforms) = postSolution
		{27496E42-7D68-425D-8320-9DED54B7F182}.Debug|Any CPU.ActiveCfg = Debug|Any CPU
		{27496E42-7D68-425D-8320-9DED54B7F182}.Debug|Any CPU.Build.0 = Debug|Any CPU
		{27496E42-7D68-425D-8320-9DED54B7F182}.Release|Any CPU.ActiveCfg = Release|Any CPU
		{27496E42-7D68-425D-8320-9DED54B7F182}.Release|Any CPU.Build.0 = Release|Any CPU
		{9D5FB761-565F-4F34-A378-A18274095758}.Debug|Any CPU.ActiveCfg = Debug|Any CPU
		{9D5FB761-565F-4F34-A378-A18274095758}.Debug|Any CPU.Build.0 = Debug|Any CPU
		{9D5FB761-565F-4F34-A378-A18274095758}.Release|Any CPU.ActiveCfg = Release|Any CPU
		{9D5FB761-565F-4F34-A378-A18274095758}.Release|Any CPU.Build.0 = Release|Any CPU
		{88EC2F9E-56B5-4AA5-A24F-A7A3EBE8D209}.Debug|Any CPU.ActiveCfg = Debug|Any CPU
		{88EC2F9E-56B5-4AA5-A24F-A7A3EBE8D209}.Debug|Any CPU.Build.0 = Debug|Any CPU
		{88EC2F9E-56B5-4AA5-A24F-A7A3EBE8D209}.Release|Any CPU.ActiveCfg = Release|Any CPU
		{88EC2F9E-56B5-4AA5-A24F-A7A3EBE8D209}.Release|Any CPU.Build.0 = Release|Any CPU
	EndGlobalSection
	GlobalSection(SolutionProperties) = preSolution
		HideSolutionNode = FALSE
	EndGlobalSection
	GlobalSection(ExtensibilityGlobals) = postSolution
		SolutionGuid = {AA921355-302B-47C1-AE1A-32FE0860B65A}
	EndGlobalSection
EndGlobal
